
Microsoft Visual Studio Solution File, Format Version 12.00
# Visual Studio 2012
Project("{FAE04EC0-301F-11D3-BF4B-00C04F79EFBC}") = "quick-view-newspaper", "quick-view-newspaper\quick-view-newspaper.csproj", "{EABF6DA7-AA67-41F7-86CD-6AEF26AE933B}"
EndProject
Global
	GlobalSection(SolutionConfigurationPlatforms) = preSolution
		Debug|Any CPU = Debug|Any CPU
		Release|Any CPU = Release|Any CPU
	EndGlobalSection
	GlobalSection(ProjectConfigurationPlatforms) = postSolution
		{EABF6DA7-AA67-41F7-86CD-6AEF26AE933B}.Debug|Any CPU.ActiveCfg = Debug|Any CPU
		{EABF6DA7-AA67-41F7-86CD-6AEF26AE933B}.Debug|Any CPU.Build.0 = Debug|Any CPU
		{EABF6DA7-AA67-41F7-86CD-6AEF26AE933B}.Release|Any CPU.ActiveCfg = Release|Any CPU
		{EABF6DA7-AA67-41F7-86CD-6AEF26AE933B}.Release|Any CPU.Build.0 = Release|Any CPU
	EndGlobalSection
	GlobalSection(SolutionProperties) = preSolution
		HideSolutionNode = FALSE
	EndGlobalSection
EndGlobal
